
Microsoft Visual Studio Solution File, Format Version 12.00
# Visual Studio 15
VisualStudioVersion = 15.0.26124.0
MinimumVisualStudioVersion = 15.0.26124.0
Project("{FAE04EC0-301F-11D3-BF4B-00C04F79EFBC}") = "Application", "Application\Application.csproj", "{0475E987-DC2C-42DE-8E96-534593EE90AD}"
EndProject
Project("{FAE04EC0-301F-11D3-BF4B-00C04F79EFBC}") = "Domain", "Domain\Domain.csproj", "{0805965B-461F-4EB2-B2BB-4D3E25312E9A}"
EndProject
Project("{FAE04EC0-301F-11D3-BF4B-00C04F79EFBC}") = "API", "API\API.csproj", "{37495DBF-ABAB-4750-8A93-8F50E722407B}"
EndProject
Project("{FAE04EC0-301F-11D3-BF4B-00C04F79EFBC}") = "Persistence", "Persistence\Persistence.csproj", "{CF8FE98A-9DBF-4611-B569-20B249CABAED}"
EndProject
Global
	GlobalSection(SolutionConfigurationPlatforms) = preSolution
		Debug|Any CPU = Debug|Any CPU
		Debug|x64 = Debug|x64
		Debug|x86 = Debug|x86
		Release|Any CPU = Release|Any CPU
		Release|x64 = Release|x64
		Release|x86 = Release|x86
	EndGlobalSection
	GlobalSection(SolutionProperties) = preSolution
		HideSolutionNode = FALSE
	EndGlobalSection
	GlobalSection(ProjectConfigurationPlatforms) = postSolution
		{0475E987-DC2C-42DE-8E96-534593EE90AD}.Debug|Any CPU.ActiveCfg = Debug|Any CPU
		{0475E987-DC2C-42DE-8E96-534593EE90AD}.Debug|Any CPU.Build.0 = Debug|Any CPU
		{0475E987-DC2C-42DE-8E96-534593EE90AD}.Debug|x64.ActiveCfg = Debug|Any CPU
		{0475E987-DC2C-42DE-8E96-534593EE90AD}.Debug|x64.Build.0 = Debug|Any CPU
		{0475E987-DC2C-42DE-8E96-534593EE90AD}.Debug|x86.ActiveCfg = Debug|Any CPU
		{0475E987-DC2C-42DE-8E96-534593EE90AD}.Debug|x86.Build.0 = Debug|Any CPU
		{0475E987-DC2C-42DE-8E96-534593EE90AD}.Release|Any CPU.ActiveCfg = Release|Any CPU
		{0475E987-DC2C-42DE-8E96-534593EE90AD}.Release|Any CPU.Build.0 = Release|Any CPU
		{0475E987-DC2C-42DE-8E96-534593EE90AD}.Release|x64.ActiveCfg = Release|Any CPU
		{0475E987-DC2C-42DE-8E96-534593EE90AD}.Release|x64.Build.0 = Release|Any CPU
		{0475E987-DC2C-42DE-8E96-534593EE90AD}.Release|x86.ActiveCfg = Release|Any CPU
		{0475E987-DC2C-42DE-8E96-534593EE90AD}.Release|x86.Build.0 = Release|Any CPU
		{0805965B-461F-4EB2-B2BB-4D3E25312E9A}.Debug|Any CPU.ActiveCfg = Debug|Any CPU
		{0805965B-461F-4EB2-B2BB-4D3E25312E9A}.Debug|Any CPU.Build.0 = Debug|Any CPU
		{0805965B-461F-4EB2-B2BB-4D3E25312E9A}.Debug|x64.ActiveCfg = Debug|Any CPU
		{0805965B-461F-4EB2-B2BB-4D3E25312E9A}.Debug|x64.Build.0 = Debug|Any CPU
		{0805965B-461F-4EB2-B2BB-4D3E25312E9A}.Debug|x86.ActiveCfg = Debug|Any CPU
		{0805965B-461F-4EB2-B2BB-4D3E25312E9A}.Debug|x86.Build.0 = Debug|Any CPU
		{0805965B-461F-4EB2-B2BB-4D3E25312E9A}.Release|Any CPU.ActiveCfg = Release|Any CPU
		{0805965B-461F-4EB2-B2BB-4D3E25312E9A}.Release|Any CPU.Build.0 = Release|Any CPU
		{0805965B-461F-4EB2-B2BB-4D3E25312E9A}.Release|x64.ActiveCfg = Release|Any CPU
		{0805965B-461F-4EB2-B2BB-4D3E25312E9A}.Release|x64.Build.0 = Release|Any CPU
		{0805965B-461F-4EB2-B2BB-4D3E25312E9A}.Release|x86.ActiveCfg = Release|Any CPU
		{0805965B-461F-4EB2-B2BB-4D3E25312E9A}.Release|x86.Build.0 = Release|Any CPU
		{37495DBF-ABAB-4750-8A93-8F50E722407B}.Debug|Any CPU.ActiveCfg = Debug|Any CPU
		{37495DBF-ABAB-4750-8A93-8F50E722407B}.Debug|Any CPU.Build.0 = Debug|Any CPU
		{37495DBF-ABAB-4750-8A93-8F50E722407B}.Debug|x64.ActiveCfg = Debug|Any CPU
		{37495DBF-ABAB-4750-8A93-8F50E722407B}.Debug|x64.Build.0 = Debug|Any CPU
		{37495DBF-ABAB-4750-8A93-8F50E722407B}.Debug|x86.ActiveCfg = Debug|Any CPU
		{37495DBF-ABAB-4750-8A93-8F50E722407B}.Debug|x86.Build.0 = Debug|Any CPU
		{37495DBF-ABAB-4750-8A93-8F50E722407B}.Release|Any CPU.ActiveCfg = Release|Any CPU
		{37495DBF-ABAB-4750-8A93-8F50E722407B}.Release|Any CPU.Build.0 = Release|Any CPU
		{37495DBF-ABAB-4750-8A93-8F50E722407B}.Release|x64.ActiveCfg = Release|Any CPU
		{37495DBF-ABAB-4750-8A93-8F50E722407B}.Release|x64.Build.0 = Release|Any CPU
		{37495DBF-ABAB-4750-8A93-8F50E722407B}.Release|x86.ActiveCfg = Release|Any CPU
		{37495DBF-ABAB-4750-8A93-8F50E722407B}.Release|x86.Build.0 = Release|Any CPU
		{CF8FE98A-9DBF-4611-B569-20B249CABAED}.Debug|Any CPU.ActiveCfg = Debug|Any CPU
		{CF8FE98A-9DBF-4611-B569-20B249CABAED}.Debug|Any CPU.Build.0 = Debug|Any CPU
		{CF8FE98A-9DBF-4611-B569-20B249CABAED}.Debug|x64.ActiveCfg = Debug|Any CPU
		{CF8FE98A-9DBF-4611-B569-20B249CABAED}.Debug|x64.Build.0 = Debug|Any CPU
		{CF8FE98A-9DBF-4611-B569-20B249CABAED}.Debug|x86.ActiveCfg = Debug|Any CPU
		{CF8FE98A-9DBF-4611-B569-20B249CABAED}.Debug|x86.Build.0 = Debug|Any CPU
		{CF8FE98A-9DBF-4611-B569-20B249CABAED}.Release|Any CPU.ActiveCfg = Release|Any CPU
		{CF8FE98A-9DBF-4611-B569-20B249CABAED}.Release|Any CPU.Build.0 = Release|Any CPU
		{CF8FE98A-9DBF-4611-B569-20B249CABAED}.Release|x64.ActiveCfg = Release|Any CPU
		{CF8FE98A-9DBF-4611-B569-20B249CABAED}.Release|x64.Build.0 = Release|Any CPU
		{CF8FE98A-9DBF-4611-B569-20B249CABAED}.Release|x86.ActiveCfg = Release|Any CPU
		{CF8FE98A-9DBF-4611-B569-20B249CABAED}.Release|x86.Build.0 = Release|Any CPU
	EndGlobalSection
EndGlobal
